
Microsoft Visual Studio Solution File, Format Version 12.00
# Visual Studio Version 16
VisualStudioVersion = 16.0.31624.102
MinimumVisualStudioVersion = 10.0.40219.1
Project("{FAE04EC0-301F-11D3-BF4B-00C04F79EFBC}") = "AnonimowaAnkieta", "TEstingHowItWorks\AnonimowaAnkieta.csproj", "{FEBB1F5B-B4E3-42A8-BE5A-5CDC3D73A1C8}"
EndProject
Project("{FAE04EC0-301F-11D3-BF4B-00C04F79EFBC}") = "TEstingHowItWorks.Tests", "TEstingHowItWorks.Tests\TEstingHowItWorks.Tests.csproj", "{0406473E-CC4C-445E-95DC-EDC7A59B0263}"
EndProject
Global
	GlobalSection(SolutionConfigurationPlatforms) = preSolution
		Debug|Any CPU = Debug|Any CPU
		Release|Any CPU = Release|Any CPU
	EndGlobalSection
	GlobalSection(ProjectConfigurationPlatforms) = postSolution
		{FEBB1F5B-B4E3-42A8-BE5A-5CDC3D73A1C8}.Debug|Any CPU.ActiveCfg = Debug|Any CPU
		{FEBB1F5B-B4E3-42A8-BE5A-5CDC3D73A1C8}.Debug|Any CPU.Build.0 = Debug|Any CPU
		{FEBB1F5B-B4E3-42A8-BE5A-5CDC3D73A1C8}.Release|Any CPU.ActiveCfg = Release|Any CPU
		{FEBB1F5B-B4E3-42A8-BE5A-5CDC3D73A1C8}.Release|Any CPU.Build.0 = Release|Any CPU
		{0406473E-CC4C-445E-95DC-EDC7A59B0263}.Debug|Any CPU.ActiveCfg = Debug|Any CPU
		{0406473E-CC4C-445E-95DC-EDC7A59B0263}.Debug|Any CPU.Build.0 = Debug|Any CPU
		{0406473E-CC4C-445E-95DC-EDC7A59B0263}.Release|Any CPU.ActiveCfg = Release|Any CPU
		{0406473E-CC4C-445E-95DC-EDC7A59B0263}.Release|Any CPU.Build.0 = Release|Any CPU
	EndGlobalSection
	GlobalSection(SolutionProperties) = preSolution
		HideSolutionNode = FALSE
	EndGlobalSection
	GlobalSection(ExtensibilityGlobals) = postSolution
		SolutionGuid = {CEEB555C-A3D5-414D-A25D-DE54F308FDB2}
	EndGlobalSection
EndGlobal
